
Microsoft Visual Studio Solution File, Format Version 12.00
# Visual Studio 14
VisualStudioVersion = 14.0.24720.0
MinimumVisualStudioVersion = 10.0.40219.1
Project("{FAE04EC0-301F-11D3-BF4B-00C04F79EFBC}") = "HelloXamarin.Droid", "HelloXamarin\HelloXamarin.Droid\HelloXamarin.Droid.csproj", "{40DFF8C2-1B87-4F40-B023-F372A970311F}"
EndProject
Project("{FAE04EC0-301F-11D3-BF4B-00C04F79EFBC}") = "HelloXamarin.iOS", "HelloXamarin\HelloXamarin.iOS\HelloXamarin.iOS.csproj", "{235E1F73-7E8F-4C79-9990-21981B27A393}"
EndProject
Project("{FAE04EC0-301F-11D3-BF4B-00C04F79EFBC}") = "HelloXamarin.WinPhone", "HelloXamarin\HelloXamarin.WinPhone\HelloXamarin.WinPhone.csproj", "{3374CF39-4A14-426E-B24D-89D0A83CDBA0}"
EndProject
Project("{FAE04EC0-301F-11D3-BF4B-00C04F79EFBC}") = "HelloXamarin.UWP", "HelloXamarin\HelloXamarin.UWP\HelloXamarin.UWP.csproj", "{1CFB263D-4249-4B3A-B7E7-3BFFF42BFBF7}"
EndProject
Project("{FAE04EC0-301F-11D3-BF4B-00C04F79EFBC}") = "HelloXamarin.Windows", "HelloXamarin\HelloXamarin.Windows\HelloXamarin.Windows.csproj", "{5A19E5BF-3727-401B-87C9-E64B4A91F785}"
EndProject
Project("{FAE04EC0-301F-11D3-BF4B-00C04F79EFBC}") = "HelloXamarin", "HelloXamarin\HelloXamarin\HelloXamarin.csproj", "{43ADEF9F-CAAF-465E-9F5A-3CEB7F0EC1FE}"
EndProject
Global
	GlobalSection(SolutionConfigurationPlatforms) = preSolution
		Ad-Hoc|Any CPU = Ad-Hoc|Any CPU
		Ad-Hoc|ARM = Ad-Hoc|ARM
		Ad-Hoc|iPhone = Ad-Hoc|iPhone
		Ad-Hoc|iPhoneSimulator = Ad-Hoc|iPhoneSimulator
		Ad-Hoc|x64 = Ad-Hoc|x64
		Ad-Hoc|x86 = Ad-Hoc|x86
		AppStore|Any CPU = AppStore|Any CPU
		AppStore|ARM = AppStore|ARM
		AppStore|iPhone = AppStore|iPhone
		AppStore|iPhoneSimulator = AppStore|iPhoneSimulator
		AppStore|x64 = AppStore|x64
		AppStore|x86 = AppStore|x86
		Debug|Any CPU = Debug|Any CPU
		Debug|ARM = Debug|ARM
		Debug|iPhone = Debug|iPhone
		Debug|iPhoneSimulator = Debug|iPhoneSimulator
		Debug|x64 = Debug|x64
		Debug|x86 = Debug|x86
		Release|Any CPU = Release|Any CPU
		Release|ARM = Release|ARM
		Release|iPhone = Release|iPhone
		Release|iPhoneSimulator = Release|iPhoneSimulator
		Release|x64 = Release|x64
		Release|x86 = Release|x86
	EndGlobalSection
	GlobalSection(ProjectConfigurationPlatforms) = postSolution
		{40DFF8C2-1B87-4F40-B023-F372A970311F}.Ad-Hoc|Any CPU.ActiveCfg = Release|Any CPU
		{40DFF8C2-1B87-4F40-B023-F372A970311F}.Ad-Hoc|Any CPU.Build.0 = Release|Any CPU
		{40DFF8C2-1B87-4F40-B023-F372A970311F}.Ad-Hoc|Any CPU.Deploy.0 = Release|Any CPU
		{40DFF8C2-1B87-4F40-B023-F372A970311F}.Ad-Hoc|ARM.ActiveCfg = Release|Any CPU
		{40DFF8C2-1B87-4F40-B023-F372A970311F}.Ad-Hoc|ARM.Build.0 = Release|Any CPU
		{40DFF8C2-1B87-4F40-B023-F372A970311F}.Ad-Hoc|ARM.Deploy.0 = Release|Any CPU
		{40DFF8C2-1B87-4F40-B023-F372A970311F}.Ad-Hoc|iPhone.ActiveCfg = Release|Any CPU
		{40DFF8C2-1B87-4F40-B023-F372A970311F}.Ad-Hoc|iPhone.Build.0 = Release|Any CPU
		{40DFF8C2-1B87-4F40-B023-F372A970311F}.Ad-Hoc|iPhone.Deploy.0 = Release|Any CPU
		{40DFF8C2-1B87-4F40-B023-F372A970311F}.Ad-Hoc|iPhoneSimulator.ActiveCfg = Release|Any CPU
		{40DFF8C2-1B87-4F40-B023-F372A970311F}.Ad-Hoc|iPhoneSimulator.Build.0 = Release|Any CPU
		{40DFF8C2-1B87-4F40-B023-F372A970311F}.Ad-Hoc|iPhoneSimulator.Deploy.0 = Release|Any CPU
		{40DFF8C2-1B87-4F40-B023-F372A970311F}.Ad-Hoc|x64.ActiveCfg = Release|Any CPU
		{40DFF8C2-1B87-4F40-B023-F372A970311F}.Ad-Hoc|x64.Build.0 = Release|Any CPU
		{40DFF8C2-1B87-4F40-B023-F372A970311F}.Ad-Hoc|x64.Deploy.0 = Release|Any CPU
		{40DFF8C2-1B87-4F40-B023-F372A970311F}.Ad-Hoc|x86.ActiveCfg = Release|Any CPU
		{40DFF8C2-1B87-4F40-B023-F372A970311F}.Ad-Hoc|x86.Build.0 = Release|Any CPU
		{40DFF8C2-1B87-4F40-B023-F372A970311F}.Ad-Hoc|x86.Deploy.0 = Release|Any CPU
		{40DFF8C2-1B87-4F40-B023-F372A970311F}.AppStore|Any CPU.ActiveCfg = Release|Any CPU
		{40DFF8C2-1B87-4F40-B023-F372A970311F}.AppStore|Any CPU.Build.0 = Release|Any CPU
		{40DFF8C2-1B87-4F40-B023-F372A970311F}.AppStore|Any CPU.Deploy.0 = Release|Any CPU
		{40DFF8C2-1B87-4F40-B023-F372A970311F}.AppStore|ARM.ActiveCfg = Release|Any CPU
		{40DFF8C2-1B87-4F40-B023-F372A970311F}.AppStore|ARM.Build.0 = Release|Any CPU
		{40DFF8C2-1B87-4F40-B023-F372A970311F}.AppStore|ARM.Deploy.0 = Release|Any CPU
		{40DFF8C2-1B87-4F40-B023-F372A970311F}.AppStore|iPhone.ActiveCfg = Release|Any CPU
		{40DFF8C2-1B87-4F40-B023-F372A970311F}.AppStore|iPhone.Build.0 = Release|Any CPU
		{40DFF8C2-1B87-4F40-B023-F372A970311F}.AppStore|iPhone.Deploy.0 = Release|Any CPU
		{40DFF8C2-1B87-4F40-B023-F372A970311F}.AppStore|iPhoneSimulator.ActiveCfg = Release|Any CPU
		{40DFF8C2-1B87-4F40-B023-F372A970311F}.AppStore|iPhoneSimulator.Build.0 = Release|Any CPU
		{40DFF8C2-1B87-4F40-B023-F372A970311F}.AppStore|iPhoneSimulator.Deploy.0 = Release|Any CPU
		{40DFF8C2-1B87-4F40-B023-F372A970311F}.AppStore|x64.ActiveCfg = Release|Any CPU
		{40DFF8C2-1B87-4F40-B023-F372A970311F}.AppStore|x64.Build.0 = Release|Any CPU
		{40DFF8C2-1B87-4F40-B023-F372A970311F}.AppStore|x64.Deploy.0 = Release|Any CPU
		{40DFF8C2-1B87-4F40-B023-F372A970311F}.AppStore|x86.ActiveCfg = Release|Any CPU
		{40DFF8C2-1B87-4F40-B023-F372A970311F}.AppStore|x86.Build.0 = Release|Any CPU
		{40DFF8C2-1B87-4F40-B023-F372A970311F}.AppStore|x86.Deploy.0 = Release|Any CPU
		{40DFF8C2-1B87-4F40-B023-F372A970311F}.Debug|Any CPU.ActiveCfg = Debug|Any CPU
		{40DFF8C2-1B87-4F40-B023-F372A970311F}.Debug|Any CPU.Build.0 = Debug|Any CPU
		{40DFF8C2-1B87-4F40-B023-F372A970311F}.Debug|Any CPU.Deploy.0 = Debug|Any CPU
		{40DFF8C2-1B87-4F40-B023-F372A970311F}.Debug|ARM.ActiveCfg = Debug|Any CPU
		{40DFF8C2-1B87-4F40-B023-F372A970311F}.Debug|ARM.Build.0 = Debug|Any CPU
		{40DFF8C2-1B87-4F40-B023-F372A970311F}.Debug|ARM.Deploy.0 = Debug|Any CPU
		{40DFF8C2-1B87-4F40-B023-F372A970311F}.Debug|iPhone.ActiveCfg = Debug|Any CPU
		{40DFF8C2-1B87-4F40-B023-F372A970311F}.Debug|iPhone.Build.0 = Debug|Any CPU
		{40DFF8C2-1B87-4F40-B023-F372A970311F}.Debug|iPhone.Deploy.0 = Debug|Any CPU
		{40DFF8C2-1B87-4F40-B023-F372A970311F}.Debug|iPhoneSimulator.ActiveCfg = Debug|Any CPU
		{40DFF8C2-1B87-4F40-B023-F372A970311F}.Debug|iPhoneSimulator.Build.0 = Debug|Any CPU
		{40DFF8C2-1B87-4F40-B023-F372A970311F}.Debug|iPhoneSimulator.Deploy.0 = Debug|Any CPU
		{40DFF8C2-1B87-4F40-B023-F372A970311F}.Debug|x64.ActiveCfg = Debug|Any CPU
		{40DFF8C2-1B87-4F40-B023-F372A970311F}.Debug|x64.Build.0 = Debug|Any CPU
		{40DFF8C2-1B87-4F40-B023-F372A970311F}.Debug|x64.Deploy.0 = Debug|Any CPU
		{40DFF8C2-1B87-4F40-B023-F372A970311F}.Debug|x86.ActiveCfg = Debug|Any CPU
		{40DFF8C2-1B87-4F40-B023-F372A970311F}.Debug|x86.Build.0 = Debug|Any CPU
		{40DFF8C2-1B87-4F40-B023-F372A970311F}.Debug|x86.Deploy.0 = Debug|Any CPU
		{40DFF8C2-1B87-4F40-B023-F372A970311F}.Release|Any CPU.ActiveCfg = Release|Any CPU
		{40DFF8C2-1B87-4F40-B023-F372A970311F}.Release|Any CPU.Build.0 = Release|Any CPU
		{40DFF8C2-1B87-4F40-B023-F372A970311F}.Release|Any CPU.Deploy.0 = Release|Any CPU
		{40DFF8C2-1B87-4F40-B023-F372A970311F}.Release|ARM.ActiveCfg = Release|Any CPU
		{40DFF8C2-1B87-4F40-B023-F372A970311F}.Release|ARM.Build.0 = Release|Any CPU
		{40DFF8C2-1B87-4F40-B023-F372A970311F}.Release|ARM.Deploy.0 = Release|Any CPU
		{40DFF8C2-1B87-4F40-B023-F372A970311F}.Release|iPhone.ActiveCfg = Release|Any CPU
		{40DFF8C2-1B87-4F40-B023-F372A970311F}.Release|iPhone.Build.0 = Release|Any CPU
		{40DFF8C2-1B87-4F40-B023-F372A970311F}.Release|iPhone.Deploy.0 = Release|Any CPU
		{40DFF8C2-1B87-4F40-B023-F372A970311F}.Release|iPhoneSimulator.ActiveCfg = Release|Any CPU
		{40DFF8C2-1B87-4F40-B023-F372A970311F}.Release|iPhoneSimulator.Build.0 = Release|Any CPU
		{40DFF8C2-1B87-4F40-B023-F372A970311F}.Release|iPhoneSimulator.Deploy.0 = Release|Any CPU
		{40DFF8C2-1B87-4F40-B023-F372A970311F}.Release|x64.ActiveCfg = Release|Any CPU
		{40DFF8C2-1B87-4F40-B023-F372A970311F}.Release|x64.Build.0 = Release|Any CPU
		{40DFF8C2-1B87-4F40-B023-F372A970311F}.Release|x64.Deploy.0 = Release|Any CPU
		{40DFF8C2-1B87-4F40-B023-F372A970311F}.Release|x86.ActiveCfg = Release|Any CPU
		{40DFF8C2-1B87-4F40-B023-F372A970311F}.Release|x86.Build.0 = Release|Any CPU
		{40DFF8C2-1B87-4F40-B023-F372A970311F}.Release|x86.Deploy.0 = Release|Any CPU
		{235E1F73-7E8F-4C79-9990-21981B27A393}.Ad-Hoc|Any CPU.ActiveCfg = Ad-Hoc|iPhone
		{235E1F73-7E8F-4C79-9990-21981B27A393}.Ad-Hoc|ARM.ActiveCfg = Ad-Hoc|iPhone
		{235E1F73-7E8F-4C79-9990-21981B27A393}.Ad-Hoc|iPhone.ActiveCfg = Ad-Hoc|iPhone
		{235E1F73-7E8F-4C79-9990-21981B27A393}.Ad-Hoc|iPhone.Build.0 = Ad-Hoc|iPhone
		{235E1F73-7E8F-4C79-9990-21981B27A393}.Ad-Hoc|iPhoneSimulator.ActiveCfg = Ad-Hoc|iPhoneSimulator
		{235E1F73-7E8F-4C79-9990-21981B27A393}.Ad-Hoc|iPhoneSimulator.Build.0 = Ad-Hoc|iPhoneSimulator
		{235E1F73-7E8F-4C79-9990-21981B27A393}.Ad-Hoc|x64.ActiveCfg = Ad-Hoc|iPhone
		{235E1F73-7E8F-4C79-9990-21981B27A393}.Ad-Hoc|x86.ActiveCfg = Ad-Hoc|iPhone
		{235E1F73-7E8F-4C79-9990-21981B27A393}.AppStore|Any CPU.ActiveCfg = AppStore|iPhone
		{235E1F73-7E8F-4C79-9990-21981B27A393}.AppStore|ARM.ActiveCfg = AppStore|iPhone
		{235E1F73-7E8F-4C79-9990-21981B27A393}.AppStore|iPhone.ActiveCfg = AppStore|iPhone
		{235E1F73-7E8F-4C79-9990-21981B27A393}.AppStore|iPhone.Build.0 = AppStore|iPhone
		{235E1F73-7E8F-4C79-9990-21981B27A393}.AppStore|iPhoneSimulator.ActiveCfg = AppStore|iPhoneSimulator
		{235E1F73-7E8F-4C79-9990-21981B27A393}.AppStore|iPhoneSimulator.Build.0 = AppStore|iPhoneSimulator
		{235E1F73-7E8F-4C79-9990-21981B27A393}.AppStore|x64.ActiveCfg = AppStore|iPhone
		{235E1F73-7E8F-4C79-9990-21981B27A393}.AppStore|x86.ActiveCfg = AppStore|iPhone
		{235E1F73-7E8F-4C79-9990-21981B27A393}.Debug|Any CPU.ActiveCfg = Debug|iPhone
		{235E1F73-7E8F-4C79-9990-21981B27A393}.Debug|ARM.ActiveCfg = Debug|iPhone
		{235E1F73-7E8F-4C79-9990-21981B27A393}.Debug|iPhone.ActiveCfg = Debug|iPhone
		{235E1F73-7E8F-4C79-9990-21981B27A393}.Debug|iPhone.Build.0 = Debug|iPhone
		{235E1F73-7E8F-4C79-9990-21981B27A393}.Debug|iPhoneSimulator.ActiveCfg = Debug|iPhoneSimulator
		{235E1F73-7E8F-4C79-9990-21981B27A393}.Debug|iPhoneSimulator.Build.0 = Debug|iPhoneSimulator
		{235E1F73-7E8F-4C79-9990-21981B27A393}.Debug|x64.ActiveCfg = Debug|iPhone
		{235E1F73-7E8F-4C79-9990-21981B27A393}.Debug|x86.ActiveCfg = Debug|iPhone
		{235E1F73-7E8F-4C79-9990-21981B27A393}.Release|Any CPU.ActiveCfg = Release|iPhone
		{235E1F73-7E8F-4C79-9990-21981B27A393}.Release|ARM.ActiveCfg = Release|iPhone
		{235E1F73-7E8F-4C79-9990-21981B27A393}.Release|iPhone.ActiveCfg = Release|iPhone
		{235E1F73-7E8F-4C79-9990-21981B27A393}.Release|iPhone.Build.0 = Release|iPhone
		{235E1F73-7E8F-4C79-9990-21981B27A393}.Release|iPhoneSimulator.ActiveCfg = Release|iPhoneSimulator
		{235E1F73-7E8F-4C79-9990-21981B27A393}.Release|iPhoneSimulator.Build.0 = Release|iPhoneSimulator
		{235E1F73-7E8F-4C79-9990-21981B27A393}.Release|x64.ActiveCfg = Release|iPhone
		{235E1F73-7E8F-4C79-9990-21981B27A393}.Release|x86.ActiveCfg = Release|iPhone
		{3374CF39-4A14-426E-B24D-89D0A83CDBA0}.Ad-Hoc|Any CPU.ActiveCfg = Release|Any CPU
		{3374CF39-4A14-426E-B24D-89D0A83CDBA0}.Ad-Hoc|Any CPU.Build.0 = Release|Any CPU
		{3374CF39-4A14-426E-B24D-89D0A83CDBA0}.Ad-Hoc|Any CPU.Deploy.0 = Release|Any CPU
		{3374CF39-4A14-426E-B24D-89D0A83CDBA0}.Ad-Hoc|ARM.ActiveCfg = Release|ARM
		{3374CF39-4A14-426E-B24D-89D0A83CDBA0}.Ad-Hoc|ARM.Build.0 = Release|ARM
		{3374CF39-4A14-426E-B24D-89D0A83CDBA0}.Ad-Hoc|ARM.Deploy.0 = Release|ARM
		{3374CF39-4A14-426E-B24D-89D0A83CDBA0}.Ad-Hoc|iPhone.ActiveCfg = Release|Any CPU
		{3374CF39-4A14-426E-B24D-89D0A83CDBA0}.Ad-Hoc|iPhone.Build.0 = Release|Any CPU
		{3374CF39-4A14-426E-B24D-89D0A83CDBA0}.Ad-Hoc|iPhone.Deploy.0 = Release|Any CPU
		{3374CF39-4A14-426E-B24D-89D0A83CDBA0}.Ad-Hoc|iPhoneSimulator.ActiveCfg = Release|Any CPU
		{3374CF39-4A14-426E-B24D-89D0A83CDBA0}.Ad-Hoc|iPhoneSimulator.Build.0 = Release|Any CPU
		{3374CF39-4A14-426E-B24D-89D0A83CDBA0}.Ad-Hoc|iPhoneSimulator.Deploy.0 = Release|Any CPU
		{3374CF39-4A14-426E-B24D-89D0A83CDBA0}.Ad-Hoc|x64.ActiveCfg = Release|Any CPU
		{3374CF39-4A14-426E-B24D-89D0A83CDBA0}.Ad-Hoc|x64.Build.0 = Release|Any CPU
		{3374CF39-4A14-426E-B24D-89D0A83CDBA0}.Ad-Hoc|x64.Deploy.0 = Release|Any CPU
		{3374CF39-4A14-426E-B24D-89D0A83CDBA0}.Ad-Hoc|x86.ActiveCfg = Release|x86
		{3374CF39-4A14-426E-B24D-89D0A83CDBA0}.Ad-Hoc|x86.Build.0 = Release|x86
		{3374CF39-4A14-426E-B24D-89D0A83CDBA0}.Ad-Hoc|x86.Deploy.0 = Release|x86
		{3374CF39-4A14-426E-B24D-89D0A83CDBA0}.AppStore|Any CPU.ActiveCfg = Release|Any CPU
		{3374CF39-4A14-426E-B24D-89D0A83CDBA0}.AppStore|Any CPU.Build.0 = Release|Any CPU
		{3374CF39-4A14-426E-B24D-89D0A83CDBA0}.AppStore|Any CPU.Deploy.0 = Release|Any CPU
		{3374CF39-4A14-426E-B24D-89D0A83CDBA0}.AppStore|ARM.ActiveCfg = Release|ARM
		{3374CF39-4A14-426E-B24D-89D0A83CDBA0}.AppStore|ARM.Build.0 = Release|ARM
		{3374CF39-4A14-426E-B24D-89D0A83CDBA0}.AppStore|ARM.Deploy.0 = Release|ARM
		{3374CF39-4A14-426E-B24D-89D0A83CDBA0}.AppStore|iPhone.ActiveCfg = Release|Any CPU
		{3374CF39-4A14-426E-B24D-89D0A83CDBA0}.AppStore|iPhone.Build.0 = Release|Any CPU
		{3374CF39-4A14-426E-B24D-89D0A83CDBA0}.AppStore|iPhone.Deploy.0 = Release|Any CPU
		{3374CF39-4A14-426E-B24D-89D0A83CDBA0}.AppStore|iPhoneSimulator.ActiveCfg = Release|Any CPU
		{3374CF39-4A14-426E-B24D-89D0A83CDBA0}.AppStore|iPhoneSimulator.Build.0 = Release|Any CPU
		{3374CF39-4A14-426E-B24D-89D0A83CDBA0}.AppStore|iPhoneSimulator.Deploy.0 = Release|Any CPU
		{3374CF39-4A14-426E-B24D-89D0A83CDBA0}.AppStore|x64.ActiveCfg = Release|Any CPU
		{3374CF39-4A14-426E-B24D-89D0A83CDBA0}.AppStore|x64.Build.0 = Release|Any CPU
		{3374CF39-4A14-426E-B24D-89D0A83CDBA0}.AppStore|x64.Deploy.0 = Release|Any CPU
		{3374CF39-4A14-426E-B24D-89D0A83CDBA0}.AppStore|x86.ActiveCfg = Release|x86
		{3374CF39-4A14-426E-B24D-89D0A83CDBA0}.AppStore|x86.Build.0 = Release|x86
		{3374CF39-4A14-426E-B24D-89D0A83CDBA0}.AppStore|x86.Deploy.0 = Release|x86
		{3374CF39-4A14-426E-B24D-89D0A83CDBA0}.Debug|Any CPU.ActiveCfg = Debug|Any CPU
		{3374CF39-4A14-426E-B24D-89D0A83CDBA0}.Debug|Any CPU.Build.0 = Debug|Any CPU
		{3374CF39-4A14-426E-B24D-89D0A83CDBA0}.Debug|Any CPU.Deploy.0 = Debug|Any CPU
		{3374CF39-4A14-426E-B24D-89D0A83CDBA0}.Debug|ARM.ActiveCfg = Debug|ARM
		{3374CF39-4A14-426E-B24D-89D0A83CDBA0}.Debug|ARM.Build.0 = Debug|ARM
		{3374CF39-4A14-426E-B24D-89D0A83CDBA0}.Debug|ARM.Deploy.0 = Debug|ARM
		{3374CF39-4A14-426E-B24D-89D0A83CDBA0}.Debug|iPhone.ActiveCfg = Debug|Any CPU
		{3374CF39-4A14-426E-B24D-89D0A83CDBA0}.Debug|iPhone.Build.0 = Debug|Any CPU
		{3374CF39-4A14-426E-B24D-89D0A83CDBA0}.Debug|iPhone.Deploy.0 = Debug|Any CPU
		{3374CF39-4A14-426E-B24D-89D0A83CDBA0}.Debug|iPhoneSimulator.ActiveCfg = Debug|Any CPU
		{3374CF39-4A14-426E-B24D-89D0A83CDBA0}.Debug|iPhoneSimulator.Build.0 = Debug|Any CPU
		{3374CF39-4A14-426E-B24D-89D0A83CDBA0}.Debug|iPhoneSimulator.Deploy.0 = Debug|Any CPU
		{3374CF39-4A14-426E-B24D-89D0A83CDBA0}.Debug|x64.ActiveCfg = Debug|Any CPU
		{3374CF39-4A14-426E-B24D-89D0A83CDBA0}.Debug|x64.Build.0 = Debug|Any CPU
		{3374CF39-4A14-426E-B24D-89D0A83CDBA0}.Debug|x64.Deploy.0 = Debug|Any CPU
		{3374CF39-4A14-426E-B24D-89D0A83CDBA0}.Debug|x86.ActiveCfg = Debug|x86
		{3374CF39-4A14-426E-B24D-89D0A83CDBA0}.Debug|x86.Build.0 = Debug|x86
		{3374CF39-4A14-426E-B24D-89D0A83CDBA0}.Debug|x86.Deploy.0 = Debug|x86
		{3374CF39-4A14-426E-B24D-89D0A83CDBA0}.Release|Any CPU.ActiveCfg = Release|Any CPU
		{3374CF39-4A14-426E-B24D-89D0A83CDBA0}.Release|Any CPU.Build.0 = Release|Any CPU
		{3374CF39-4A14-426E-B24D-89D0A83CDBA0}.Release|Any CPU.Deploy.0 = Release|Any CPU
		{3374CF39-4A14-426E-B24D-89D0A83CDBA0}.Release|ARM.ActiveCfg = Release|ARM
		{3374CF39-4A14-426E-B24D-89D0A83CDBA0}.Release|ARM.Build.0 = Release|ARM
		{3374CF39-4A14-426E-B24D-89D0A83CDBA0}.Release|ARM.Deploy.0 = Release|ARM
		{3374CF39-4A14-426E-B24D-89D0A83CDBA0}.Release|iPhone.ActiveCfg = Release|Any CPU
		{3374CF39-4A14-426E-B24D-89D0A83CDBA0}.Release|iPhone.Build.0 = Release|Any CPU
		{3374CF39-4A14-426E-B24D-89D0A83CDBA0}.Release|iPhone.Deploy.0 = Release|Any CPU
		{3374CF39-4A14-426E-B24D-89D0A83CDBA0}.Release|iPhoneSimulator.ActiveCfg = Release|Any CPU
		{3374CF39-4A14-426E-B24D-89D0A83CDBA0}.Release|iPhoneSimulator.Build.0 = Release|Any CPU
		{3374CF39-4A14-426E-B24D-89D0A83CDBA0}.Release|iPhoneSimulator.Deploy.0 = Release|Any CPU
		{3374CF39-4A14-426E-B24D-89D0A83CDBA0}.Release|x64.ActiveCfg = Release|Any CPU
		{3374CF39-4A14-426E-B24D-89D0A83CDBA0}.Release|x64.Build.0 = Release|Any CPU
		{3374CF39-4A14-426E-B24D-89D0A83CDBA0}.Release|x64.Deploy.0 = Release|Any CPU
		{3374CF39-4A14-426E-B24D-89D0A83CDBA0}.Release|x86.ActiveCfg = Release|x86
		{3374CF39-4A14-426E-B24D-89D0A83CDBA0}.Release|x86.Build.0 = Release|x86
		{3374CF39-4A14-426E-B24D-89D0A83CDBA0}.Release|x86.Deploy.0 = Release|x86
		{1CFB263D-4249-4B3A-B7E7-3BFFF42BFBF7}.Ad-Hoc|Any CPU.ActiveCfg = Release|x86
		{1CFB263D-4249-4B3A-B7E7-3BFFF42BFBF7}.Ad-Hoc|Any CPU.Build.0 = Release|x86
		{1CFB263D-4249-4B3A-B7E7-3BFFF42BFBF7}.Ad-Hoc|Any CPU.Deploy.0 = Release|x86
		{1CFB263D-4249-4B3A-B7E7-3BFFF42BFBF7}.Ad-Hoc|ARM.ActiveCfg = Release|ARM
		{1CFB263D-4249-4B3A-B7E7-3BFFF42BFBF7}.Ad-Hoc|ARM.Build.0 = Release|ARM
		{1CFB263D-4249-4B3A-B7E7-3BFFF42BFBF7}.Ad-Hoc|ARM.Deploy.0 = Release|ARM
		{1CFB263D-4249-4B3A-B7E7-3BFFF42BFBF7}.Ad-Hoc|iPhone.ActiveCfg = Release|x86
		{1CFB263D-4249-4B3A-B7E7-3BFFF42BFBF7}.Ad-Hoc|iPhone.Build.0 = Release|x86
		{1CFB263D-4249-4B3A-B7E7-3BFFF42BFBF7}.Ad-Hoc|iPhone.Deploy.0 = Release|x86
		{1CFB263D-4249-4B3A-B7E7-3BFFF42BFBF7}.Ad-Hoc|iPhoneSimulator.ActiveCfg = Release|x86
		{1CFB263D-4249-4B3A-B7E7-3BFFF42BFBF7}.Ad-Hoc|iPhoneSimulator.Build.0 = Release|x86
		{1CFB263D-4249-4B3A-B7E7-3BFFF42BFBF7}.Ad-Hoc|iPhoneSimulator.Deploy.0 = Release|x86
		{1CFB263D-4249-4B3A-B7E7-3BFFF42BFBF7}.Ad-Hoc|x64.ActiveCfg = Release|x64
		{1CFB263D-4249-4B3A-B7E7-3BFFF42BFBF7}.Ad-Hoc|x64.Build.0 = Release|x64
		{1CFB263D-4249-4B3A-B7E7-3BFFF42BFBF7}.Ad-Hoc|x64.Deploy.0 = Release|x64
		{1CFB263D-4249-4B3A-B7E7-3BFFF42BFBF7}.Ad-Hoc|x86.ActiveCfg = Release|x86
		{1CFB263D-4249-4B3A-B7E7-3BFFF42BFBF7}.Ad-Hoc|x86.Build.0 = Release|x86
		{1CFB263D-4249-4B3A-B7E7-3BFFF42BFBF7}.Ad-Hoc|x86.Deploy.0 = Release|x86
		{1CFB263D-4249-4B3A-B7E7-3BFFF42BFBF7}.AppStore|Any CPU.ActiveCfg = Release|x86
		{1CFB263D-4249-4B3A-B7E7-3BFFF42BFBF7}.AppStore|Any CPU.Build.0 = Release|x86
		{1CFB263D-4249-4B3A-B7E7-3BFFF42BFBF7}.AppStore|Any CPU.Deploy.0 = Release|x86
		{1CFB263D-4249-4B3A-B7E7-3BFFF42BFBF7}.AppStore|ARM.ActiveCfg = Release|ARM
		{1CFB263D-4249-4B3A-B7E7-3BFFF42BFBF7}.AppStore|ARM.Build.0 = Release|ARM
		{1CFB263D-4249-4B3A-B7E7-3BFFF42BFBF7}.AppStore|ARM.Deploy.0 = Release|ARM
		{1CFB263D-4249-4B3A-B7E7-3BFFF42BFBF7}.AppStore|iPhone.ActiveCfg = Release|x86
		{1CFB263D-4249-4B3A-B7E7-3BFFF42BFBF7}.AppStore|iPhone.Build.0 = Release|x86
		{1CFB263D-4249-4B3A-B7E7-3BFFF42BFBF7}.AppStore|iPhone.Deploy.0 = Release|x86
		{1CFB263D-4249-4B3A-B7E7-3BFFF42BFBF7}.AppStore|iPhoneSimulator.ActiveCfg = Release|x86
		{1CFB263D-4249-4B3A-B7E7-3BFFF42BFBF7}.AppStore|iPhoneSimulator.Build.0 = Release|x86
		{1CFB263D-4249-4B3A-B7E7-3BFFF42BFBF7}.AppStore|iPhoneSimulator.Deploy.0 = Release|x86
		{1CFB263D-4249-4B3A-B7E7-3BFFF42BFBF7}.AppStore|x64.ActiveCfg = Release|x64
		{1CFB263D-4249-4B3A-B7E7-3BFFF42BFBF7}.AppStore|x64.Build.0 = Release|x64
		{1CFB263D-4249-4B3A-B7E7-3BFFF42BFBF7}.AppStore|x64.Deploy.0 = Release|x64
		{1CFB263D-4249-4B3A-B7E7-3BFFF42BFBF7}.AppStore|x86.ActiveCfg = Release|x86
		{1CFB263D-4249-4B3A-B7E7-3BFFF42BFBF7}.AppStore|x86.Build.0 = Release|x86
		{1CFB263D-4249-4B3A-B7E7-3BFFF42BFBF7}.AppStore|x86.Deploy.0 = Release|x86
		{1CFB263D-4249-4B3A-B7E7-3BFFF42BFBF7}.Debug|Any CPU.ActiveCfg = Debug|x86
		{1CFB263D-4249-4B3A-B7E7-3BFFF42BFBF7}.Debug|ARM.ActiveCfg = Debug|ARM
		{1CFB263D-4249-4B3A-B7E7-3BFFF42BFBF7}.Debug|ARM.Build.0 = Debug|ARM
		{1CFB263D-4249-4B3A-B7E7-3BFFF42BFBF7}.Debug|ARM.Deploy.0 = Debug|ARM
		{1CFB263D-4249-4B3A-B7E7-3BFFF42BFBF7}.Debug|iPhone.ActiveCfg = Debug|x86
		{1CFB263D-4249-4B3A-B7E7-3BFFF42BFBF7}.Debug|iPhoneSimulator.ActiveCfg = Debug|x86
		{1CFB263D-4249-4B3A-B7E7-3BFFF42BFBF7}.Debug|x64.ActiveCfg = Debug|x64
		{1CFB263D-4249-4B3A-B7E7-3BFFF42BFBF7}.Debug|x64.Build.0 = Debug|x64
		{1CFB263D-4249-4B3A-B7E7-3BFFF42BFBF7}.Debug|x64.Deploy.0 = Debug|x64
		{1CFB263D-4249-4B3A-B7E7-3BFFF42BFBF7}.Debug|x86.ActiveCfg = Debug|x86
		{1CFB263D-4249-4B3A-B7E7-3BFFF42BFBF7}.Debug|x86.Build.0 = Debug|x86
		{1CFB263D-4249-4B3A-B7E7-3BFFF42BFBF7}.Debug|x86.Deploy.0 = Debug|x86
		{1CFB263D-4249-4B3A-B7E7-3BFFF42BFBF7}.Release|Any CPU.ActiveCfg = Release|x86
		{1CFB263D-4249-4B3A-B7E7-3BFFF42BFBF7}.Release|ARM.ActiveCfg = Release|ARM
		{1CFB263D-4249-4B3A-B7E7-3BFFF42BFBF7}.Release|ARM.Build.0 = Release|ARM
		{1CFB263D-4249-4B3A-B7E7-3BFFF42BFBF7}.Release|ARM.Deploy.0 = Release|ARM
		{1CFB263D-4249-4B3A-B7E7-3BFFF42BFBF7}.Release|iPhone.ActiveCfg = Release|x86
		{1CFB263D-4249-4B3A-B7E7-3BFFF42BFBF7}.Release|iPhoneSimulator.ActiveCfg = Release|x86
		{1CFB263D-4249-4B3A-B7E7-3BFFF42BFBF7}.Release|x64.ActiveCfg = Release|x64
		{1CFB263D-4249-4B3A-B7E7-3BFFF42BFBF7}.Release|x64.Build.0 = Release|x64
		{1CFB263D-4249-4B3A-B7E7-3BFFF42BFBF7}.Release|x64.Deploy.0 = Release|x64
		{1CFB263D-4249-4B3A-B7E7-3BFFF42BFBF7}.Release|x86.ActiveCfg = Release|x86
		{1CFB263D-4249-4B3A-B7E7-3BFFF42BFBF7}.Release|x86.Build.0 = Release|x86
		{1CFB263D-4249-4B3A-B7E7-3BFFF42BFBF7}.Release|x86.Deploy.0 = Release|x86
		{5A19E5BF-3727-401B-87C9-E64B4A91F785}.Ad-Hoc|Any CPU.ActiveCfg = Release|Any CPU
		{5A19E5BF-3727-401B-87C9-E64B4A91F785}.Ad-Hoc|Any CPU.Build.0 = Release|Any CPU
		{5A19E5BF-3727-401B-87C9-E64B4A91F785}.Ad-Hoc|Any CPU.Deploy.0 = Release|Any CPU
		{5A19E5BF-3727-401B-87C9-E64B4A91F785}.Ad-Hoc|ARM.ActiveCfg = Release|ARM
		{5A19E5BF-3727-401B-87C9-E64B4A91F785}.Ad-Hoc|ARM.Build.0 = Release|ARM
		{5A19E5BF-3727-401B-87C9-E64B4A91F785}.Ad-Hoc|ARM.Deploy.0 = Release|ARM
		{5A19E5BF-3727-401B-87C9-E64B4A91F785}.Ad-Hoc|iPhone.ActiveCfg = Release|Any CPU
		{5A19E5BF-3727-401B-87C9-E64B4A91F785}.Ad-Hoc|iPhone.Build.0 = Release|Any CPU
		{5A19E5BF-3727-401B-87C9-E64B4A91F785}.Ad-Hoc|iPhone.Deploy.0 = Release|Any CPU
		{5A19E5BF-3727-401B-87C9-E64B4A91F785}.Ad-Hoc|iPhoneSimulator.ActiveCfg = Release|Any CPU
		{5A19E5BF-3727-401B-87C9-E64B4A91F785}.Ad-Hoc|iPhoneSimulator.Build.0 = Release|Any CPU
		{5A19E5BF-3727-401B-87C9-E64B4A91F785}.Ad-Hoc|iPhoneSimulator.Deploy.0 = Release|Any CPU
		{5A19E5BF-3727-401B-87C9-E64B4A91F785}.Ad-Hoc|x64.ActiveCfg = Release|x64
		{5A19E5BF-3727-401B-87C9-E64B4A91F785}.Ad-Hoc|x64.Build.0 = Release|x64
		{5A19E5BF-3727-401B-87C9-E64B4A91F785}.Ad-Hoc|x64.Deploy.0 = Release|x64
		{5A19E5BF-3727-401B-87C9-E64B4A91F785}.Ad-Hoc|x86.ActiveCfg = Release|x86
		{5A19E5BF-3727-401B-87C9-E64B4A91F785}.Ad-Hoc|x86.Build.0 = Release|x86
		{5A19E5BF-3727-401B-87C9-E64B4A91F785}.Ad-Hoc|x86.Deploy.0 = Release|x86
		{5A19E5BF-3727-401B-87C9-E64B4A91F785}.AppStore|Any CPU.ActiveCfg = Release|Any CPU
		{5A19E5BF-3727-401B-87C9-E64B4A91F785}.AppStore|Any CPU.Build.0 = Release|Any CPU
		{5A19E5BF-3727-401B-87C9-E64B4A91F785}.AppStore|Any CPU.Deploy.0 = Release|Any CPU
		{5A19E5BF-3727-401B-87C9-E64B4A91F785}.AppStore|ARM.ActiveCfg = Release|ARM
		{5A19E5BF-3727-401B-87C9-E64B4A91F785}.AppStore|ARM.Build.0 = Release|ARM
		{5A19E5BF-3727-401B-87C9-E64B4A91F785}.AppStore|ARM.Deploy.0 = Release|ARM
		{5A19E5BF-3727-401B-87C9-E64B4A91F785}.AppStore|iPhone.ActiveCfg = Release|Any CPU
		{5A19E5BF-3727-401B-87C9-E64B4A91F785}.AppStore|iPhone.Build.0 = Release|Any CPU
		{5A19E5BF-3727-401B-87C9-E64B4A91F785}.AppStore|iPhone.Deploy.0 = Release|Any CPU
		{5A19E5BF-3727-401B-87C9-E64B4A91F785}.AppStore|iPhoneSimulator.ActiveCfg = Release|Any CPU
		{5A19E5BF-3727-401B-87C9-E64B4A91F785}.AppStore|iPhoneSimulator.Build.0 = Release|Any CPU
		{5A19E5BF-3727-401B-87C9-E64B4A91F785}.AppStore|iPhoneSimulator.Deploy.0 = Release|Any CPU
		{5A19E5BF-3727-401B-87C9-E64B4A91F785}.AppStore|x64.ActiveCfg = Release|x64
		{5A19E5BF-3727-401B-87C9-E64B4A91F785}.AppStore|x64.Build.0 = Release|x64
		{5A19E5BF-3727-401B-87C9-E64B4A91F785}.AppStore|x64.Deploy.0 = Release|x64
		{5A19E5BF-3727-401B-87C9-E64B4A91F785}.AppStore|x86.ActiveCfg = Release|x86
		{5A19E5BF-3727-401B-87C9-E64B4A91F785}.AppStore|x86.Build.0 = Release|x86
		{5A19E5BF-3727-401B-87C9-E64B4A91F785}.AppStore|x86.Deploy.0 = Release|x86
		{5A19E5BF-3727-401B-87C9-E64B4A91F785}.Debug|Any CPU.ActiveCfg = Debug|Any CPU
		{5A19E5BF-3727-401B-87C9-E64B4A91F785}.Debug|Any CPU.Build.0 = Debug|Any CPU
		{5A19E5BF-3727-401B-87C9-E64B4A91F785}.Debug|Any CPU.Deploy.0 = Debug|Any CPU
		{5A19E5BF-3727-401B-87C9-E64B4A91F785}.Debug|ARM.ActiveCfg = Debug|ARM
		{5A19E5BF-3727-401B-87C9-E64B4A91F785}.Debug|ARM.Build.0 = Debug|ARM
		{5A19E5BF-3727-401B-87C9-E64B4A91F785}.Debug|ARM.Deploy.0 = Debug|ARM
		{5A19E5BF-3727-401B-87C9-E64B4A91F785}.Debug|iPhone.ActiveCfg = Debug|Any CPU
		{5A19E5BF-3727-401B-87C9-E64B4A91F785}.Debug|iPhone.Build.0 = Debug|Any CPU
		{5A19E5BF-3727-401B-87C9-E64B4A91F785}.Debug|iPhone.Deploy.0 = Debug|Any CPU
		{5A19E5BF-3727-401B-87C9-E64B4A91F785}.Debug|iPhoneSimulator.ActiveCfg = Debug|Any CPU
		{5A19E5BF-3727-401B-87C9-E64B4A91F785}.Debug|iPhoneSimulator.Build.0 = Debug|Any CPU
		{5A19E5BF-3727-401B-87C9-E64B4A91F785}.Debug|iPhoneSimulator.Deploy.0 = Debug|Any CPU
		{5A19E5BF-3727-401B-87C9-E64B4A91F785}.Debug|x64.ActiveCfg = Debug|x64
		{5A19E5BF-3727-401B-87C9-E64B4A91F785}.Debug|x64.Build.0 = Debug|x64
		{5A19E5BF-3727-401B-87C9-E64B4A91F785}.Debug|x64.Deploy.0 = Debug|x64
		{5A19E5BF-3727-401B-87C9-E64B4A91F785}.Debug|x86.ActiveCfg = Debug|x86
		{5A19E5BF-3727-401B-87C9-E64B4A91F785}.Debug|x86.Build.0 = Debug|x86
		{5A19E5BF-3727-401B-87C9-E64B4A91F785}.Debug|x86.Deploy.0 = Debug|x86
		{5A19E5BF-3727-401B-87C9-E64B4A91F785}.Release|Any CPU.ActiveCfg = Release|Any CPU
		{5A19E5BF-3727-401B-87C9-E64B4A91F785}.Release|Any CPU.Build.0 = Release|Any CPU
		{5A19E5BF-3727-401B-87C9-E64B4A91F785}.Release|Any CPU.Deploy.0 = Release|Any CPU
		{5A19E5BF-3727-401B-87C9-E64B4A91F785}.Release|ARM.ActiveCfg = Release|ARM
		{5A19E5BF-3727-401B-87C9-E64B4A91F785}.Release|ARM.Build.0 = Release|ARM
		{5A19E5BF-3727-401B-87C9-E64B4A91F785}.Release|ARM.Deploy.0 = Release|ARM
		{5A19E5BF-3727-401B-87C9-E64B4A91F785}.Release|iPhone.ActiveCfg = Release|Any CPU
		{5A19E5BF-3727-401B-87C9-E64B4A91F785}.Release|iPhone.Build.0 = Release|Any CPU
		{5A19E5BF-3727-401B-87C9-E64B4A91F785}.Release|iPhone.Deploy.0 = Release|Any CPU
		{5A19E5BF-3727-401B-87C9-E64B4A91F785}.Release|iPhoneSimulator.ActiveCfg = Release|Any CPU
		{5A19E5BF-3727-401B-87C9-E64B4A91F785}.Release|iPhoneSimulator.Build.0 = Release|Any CPU
		{5A19E5BF-3727-401B-87C9-E64B4A91F785}.Release|iPhoneSimulator.Deploy.0 = Release|Any CPU
		{5A19E5BF-3727-401B-87C9-E64B4A91F785}.Release|x64.ActiveCfg = Release|x64
		{5A19E5BF-3727-401B-87C9-E64B4A91F785}.Release|x64.Build.0 = Release|x64
		{5A19E5BF-3727-401B-87C9-E64B4A91F785}.Release|x64.Deploy.0 = Release|x64
		{5A19E5BF-3727-401B-87C9-E64B4A91F785}.Release|x86.ActiveCfg = Release|x86
		{5A19E5BF-3727-401B-87C9-E64B4A91F785}.Release|x86.Build.0 = Release|x86
		{5A19E5BF-3727-401B-87C9-E64B4A91F785}.Release|x86.Deploy.0 = Release|x86
		{43ADEF9F-CAAF-465E-9F5A-3CEB7F0EC1FE}.Ad-Hoc|Any CPU.ActiveCfg = Release|Any CPU
		{43ADEF9F-CAAF-465E-9F5A-3CEB7F0EC1FE}.Ad-Hoc|Any CPU.Build.0 = Release|Any CPU
		{43ADEF9F-CAAF-465E-9F5A-3CEB7F0EC1FE}.Ad-Hoc|ARM.ActiveCfg = Release|Any CPU
		{43ADEF9F-CAAF-465E-9F5A-3CEB7F0EC1FE}.Ad-Hoc|ARM.Build.0 = Release|Any CPU
		{43ADEF9F-CAAF-465E-9F5A-3CEB7F0EC1FE}.Ad-Hoc|iPhone.ActiveCfg = Release|Any CPU
		{43ADEF9F-CAAF-465E-9F5A-3CEB7F0EC1FE}.Ad-Hoc|iPhone.Build.0 = Release|Any CPU
		{43ADEF9F-CAAF-465E-9F5A-3CEB7F0EC1FE}.Ad-Hoc|iPhoneSimulator.ActiveCfg = Release|Any CPU
		{43ADEF9F-CAAF-465E-9F5A-3CEB7F0EC1FE}.Ad-Hoc|iPhoneSimulator.Build.0 = Release|Any CPU
		{43ADEF9F-CAAF-465E-9F5A-3CEB7F0EC1FE}.Ad-Hoc|x64.ActiveCfg = Release|Any CPU
		{43ADEF9F-CAAF-465E-9F5A-3CEB7F0EC1FE}.Ad-Hoc|x64.Build.0 = Release|Any CPU
		{43ADEF9F-CAAF-465E-9F5A-3CEB7F0EC1FE}.Ad-Hoc|x86.ActiveCfg = Release|Any CPU
		{43ADEF9F-CAAF-465E-9F5A-3CEB7F0EC1FE}.Ad-Hoc|x86.Build.0 = Release|Any CPU
		{43ADEF9F-CAAF-465E-9F5A-3CEB7F0EC1FE}.AppStore|Any CPU.ActiveCfg = Release|Any CPU
		{43ADEF9F-CAAF-465E-9F5A-3CEB7F0EC1FE}.AppStore|Any CPU.Build.0 = Release|Any CPU
		{43ADEF9F-CAAF-465E-9F5A-3CEB7F0EC1FE}.AppStore|ARM.ActiveCfg = Release|Any CPU
		{43ADEF9F-CAAF-465E-9F5A-3CEB7F0EC1FE}.AppStore|ARM.Build.0 = Release|Any CPU
		{43ADEF9F-CAAF-465E-9F5A-3CEB7F0EC1FE}.AppStore|iPhone.ActiveCfg = Release|Any CPU
		{43ADEF9F-CAAF-465E-9F5A-3CEB7F0EC1FE}.AppStore|iPhone.Build.0 = Release|Any CPU
		{43ADEF9F-CAAF-465E-9F5A-3CEB7F0EC1FE}.AppStore|iPhoneSimulator.ActiveCfg = Release|Any CPU
		{43ADEF9F-CAAF-465E-9F5A-3CEB7F0EC1FE}.AppStore|iPhoneSimulator.Build.0 = Release|Any CPU
		{43ADEF9F-CAAF-465E-9F5A-3CEB7F0EC1FE}.AppStore|x64.ActiveCfg = Release|Any CPU
		{43ADEF9F-CAAF-465E-9F5A-3CEB7F0EC1FE}.AppStore|x64.Build.0 = Release|Any CPU
		{43ADEF9F-CAAF-465E-9F5A-3CEB7F0EC1FE}.AppStore|x86.ActiveCfg = Release|Any CPU
		{43ADEF9F-CAAF-465E-9F5A-3CEB7F0EC1FE}.AppStore|x86.Build.0 = Release|Any CPU
		{43ADEF9F-CAAF-465E-9F5A-3CEB7F0EC1FE}.Debug|Any CPU.ActiveCfg = Debug|Any CPU
		{43ADEF9F-CAAF-465E-9F5A-3CEB7F0EC1FE}.Debug|Any CPU.Build.0 = Debug|Any CPU
		{43ADEF9F-CAAF-465E-9F5A-3CEB7F0EC1FE}.Debug|ARM.ActiveCfg = Debug|Any CPU
		{43ADEF9F-CAAF-465E-9F5A-3CEB7F0EC1FE}.Debug|ARM.Build.0 = Debug|Any CPU
		{43ADEF9F-CAAF-465E-9F5A-3CEB7F0EC1FE}.Debug|iPhone.ActiveCfg = Debug|Any CPU
		{43ADEF9F-CAAF-465E-9F5A-3CEB7F0EC1FE}.Debug|iPhone.Build.0 = Debug|Any CPU
		{43ADEF9F-CAAF-465E-9F5A-3CEB7F0EC1FE}.Debug|iPhoneSimulator.ActiveCfg = Debug|Any CPU
		{43ADEF9F-CAAF-465E-9F5A-3CEB7F0EC1FE}.Debug|iPhoneSimulator.Build.0 = Debug|Any CPU
		{43ADEF9F-CAAF-465E-9F5A-3CEB7F0EC1FE}.Debug|x64.ActiveCfg = Debug|Any CPU
		{43ADEF9F-CAAF-465E-9F5A-3CEB7F0EC1FE}.Debug|x64.Build.0 = Debug|Any CPU
		{43ADEF9F-CAAF-465E-9F5A-3CEB7F0EC1FE}.Debug|x86.ActiveCfg = Debug|Any CPU
		{43ADEF9F-CAAF-465E-9F5A-3CEB7F0EC1FE}.Debug|x86.Build.0 = Debug|Any CPU
		{43ADEF9F-CAAF-465E-9F5A-3CEB7F0EC1FE}.Release|Any CPU.ActiveCfg = Release|Any CPU
		{43ADEF9F-CAAF-465E-9F5A-3CEB7F0EC1FE}.Release|Any CPU.Build.0 = Release|Any CPU
		{43ADEF9F-CAAF-465E-9F5A-3CEB7F0EC1FE}.Release|ARM.ActiveCfg = Release|Any CPU
		{43ADEF9F-CAAF-465E-9F5A-3CEB7F0EC1FE}.Release|ARM.Build.0 = Release|Any CPU
		{43ADEF9F-CAAF-465E-9F5A-3CEB7F0EC1FE}.Release|iPhone.ActiveCfg = Release|Any CPU
		{43ADEF9F-CAAF-465E-9F5A-3CEB7F0EC1FE}.Release|iPhone.Build.0 = Release|Any CPU
		{43ADEF9F-CAAF-465E-9F5A-3CEB7F0EC1FE}.Release|iPhoneSimulator.ActiveCfg = Release|Any CPU
		{43ADEF9F-CAAF-465E-9F5A-3CEB7F0EC1FE}.Release|iPhoneSimulator.Build.0 = Release|Any CPU
		{43ADEF9F-CAAF-465E-9F5A-3CEB7F0EC1FE}.Release|x64.ActiveCfg = Release|Any CPU
		{43ADEF9F-CAAF-465E-9F5A-3CEB7F0EC1FE}.Release|x64.Build.0 = Release|Any CPU
		{43ADEF9F-CAAF-465E-9F5A-3CEB7F0EC1FE}.Release|x86.ActiveCfg = Release|Any CPU
		{43ADEF9F-CAAF-465E-9F5A-3CEB7F0EC1FE}.Release|x86.Build.0 = Release|Any CPU
	EndGlobalSection
	GlobalSection(SolutionProperties) = preSolution
		HideSolutionNode = FALSE
	EndGlobalSection
EndGlobal
